# This file is automatically @generated by Cargo.
# It is not intended for manual editing.
version = 3

[[package]]
name = "library_app"
version = "0.1.0"

[[package]]
name = "library_borrowing"
version = "0.1.0"
dependencies = [
 "library_inventory",
 "library_users",
]

[[package]]
name = "library_inventory"
version = "0.1.0"

[[package]]
name = "library_users"
version = "0.1.0"
